{
  "requires": true,
  "lockfileVersion": 1,
  "dependencies": {
    "vue-dropdowns": {
      "version": "1.1.2",
      "resolved": "https://registry.npmjs.org/vue-dropdowns/-/vue-dropdowns-1.1.2.tgz",
      "integrity": "sha512-1zISzpdf+GaQfI8yyCSASGJkb3vkjr2ZtX276wSdix2F1pXU9stkvDPFUM5ac9sAWY/3rZjBSvw9bTBvFTGnTw=="
    }
  }
}
